cloud.google.com/go v0.112.2 h1:ZaGT6LiG7dBzi6zNOvVZwacaXlmf3lRqnC4DQzqyRQw=
cloud.google.com/go v0.112.2/go.mod h1:iEqjp//KquGIJV/m+Pk3xecgKNhV+ry+vVTsy4TbDms=
cloud.google.com/go/dialogflow v1.53.0 h1:C9wQ0odRYQsar0XqwCQb0c13BkRBsoSjOaejOg5ntgQ=
cloud.google.com/go/dialogflow v1.53.0/go.mod h1:LqAvxq7bXiiGC3/DWIz9XXCxth2z2qpSnBAAmlNOj6U=
github.com/Microsoft/cognitive-services-speech-sdk-go v1.32.1/go.mod h1:ct4bG95K1Lu/c5y60PVGI1XOjo9aAcl80DD5dvu6zsg=
github.com/alphacep/vosk-api/go v0.3.50 h1:2vSN41RCU1WdHEqBrhKtTggfKL6Yu5Dmj+urVszwiuw=
github.com/alphacep/vosk-api/go v0.3.50/go.mod h1:9X8IJsHnFk/b1xyvjlZifo+ZL5VTAx3LW+JQce/eRcA=
github.com/alvaroloes/enumer v1.1.2/go.mod h1:FxrjvuXoDAx9isTJrv4c+T410zFi0DtXIT0m65DJ+Wo=
github.com/davecgh/go-spew v1.1.0/go.mod h1:J7Y8YcW2NihsgmVo/mv3lAwl/skON4iLHjSsI+c5H38=
github.com/jesseward/azuretexttospeech v0.0.0-20201129202739-0f6e02a00787 h1:ieg9+RM6sBvIbifNKXt+lYZet0LjpHz1XSrrH+eZWo0=
github.com/jesseward/azuretexttospeech v0.0.0-20201129202739-0f6e02a00787/go.mod h1:rfZUn52NfZMrdw74yznjqqScHg/TfaG7c0NjmaCtaJk=
github.com/pascaldekloe/name v0.0.0-20180628100202-0fd16699aae1/go.mod h1:eD5JxqMiuNYyFNmyY9rkJ/slN8y59oEu4Ei7F8OoKWQ=
github.com/pmezard/go-difflib v1.0.0/go.mod h1:iKH77koFhYxTK1pcRnkKkqfTogsbg7gZNVY4sRDYZ/4=
github.com/sashabaranov/go-openai v1.23.1 h1:b2IsEG9+BdJ3f6G3gGu9Lon2Mw/C0aYqME3YzwBHcls=
github.com/sashabaranov/go-openai v1.23.1/go.mod h1:lj5b/K+zjTSFxVLijLSTDZuP7adOgerWeFyZLUhAKRg=
github.com/stretchr/objx v0.1.0/go.mod h1:HFkY916IF+rwdDfMAkV7OtwuqBVzrE8GR6GFx+wExME=
github.com/stretchr/testify v1.6.1/go.mod h1:6Fq8oRcR53rry900zMqJjRRixrwX3KX962/h/Wwjteg=
golang.org/x/crypto v0.0.0-20190308221718-c2843e01d9a2/go.mod h1:djNgcEr1/C05ACkg1iLfiJU5Ep61QUkGW8qpdssI0+w=
golang.org/x/net v0.0.0-20190311183353-d8887717615a/go.mod h1:t9HGtf8HONx5eT2rtn7q6eTqICYqUVnKs3thJo3Qplg=
golang.org/x/sync v0.0.0-20190423024810-112230192c58/go.mod h1:RxMgew5VJxzue5/jJTE5uejpjVlOe/izrB70Jof72aM=
golang.org/x/sys v0.0.0-20190215142949-d0b11bdaac8a/go.mod h1:STP8DvDyc/dI5b8T5hshtkjS+E42TnysNCUPdjciGhY=
golang.org/x/text v0.3.0/go.mod h1:NqM8EUOU14njkJ3fqMW+pc6Ldnwhi/IjpwHt7yyuwOQ=
golang.org/x/tools v0.0.0-20190524210228-3d17549cdc6b/go.mod h1:RgjU9mgBXZiqYHBnxXauZ1Gv1EHHAz9KjViQ78xBX0Q=
gopkg.in/check.v1 v0.0.0-20161208181325-20d25e280405/go.mod h1:Co6ibVJAznAaIkqp8huTwlJQCZ016jof/cbN4VW5Yz0=
gopkg.in/yaml.v3 v3.0.0-20200313102051-9f266ea9e77c/go.mod h1:K4uyk7z7BCEPqu6E+C64Yfv1cQ7kz7rIZviUmN+EgEM=
